// !$*UTF8*$!
{
	archiveVersion = 1;
	classes = {
	};
	objectVersion = 46;
	objects = {

/* Begin PBXBuildFile section */
		BC0573361C3273820017D802 /* main.m in Sources */ = {isa = PBXBuildFile; fileRef = BC0573351C3273820017D802 /* main.m */; };
		BC0573391C3273820017D802 /* AppDelegate.m in Sources */ = {isa = PBXBuildFile; fileRef = BC0573381C3273820017D802 /* AppDelegate.m */; };
		BC05733C1C3273820017D802 /* ViewController.m in Sources */ = {isa = PBXBuildFile; fileRef = BC05733B1C3273820017D802 /* ViewController.m */; };
		BC05733F1C3273820017D802 /* Main.storyboard in Resources */ = {isa = PBXBuildFile; fileRef = BC05733D1C3273820017D802 /* Main.storyboard */; };
		BC0573411C3273820017D802 /* Assets.xcassets in Resources */ = {isa = PBXBuildFile; fileRef = BC0573401C3273820017D802 /* Assets.xcassets */; };
		BC0573441C3273820017D802 /* LaunchScreen.storyboard in Resources */ = {isa = PBXBuildFile; fileRef = BC0573421C3273820017D802 /* LaunchScreen.storyboard */; };
		BC05734F1C3273820017D802 /* TextDemoTests.m in Sources */ = {isa = PBXBuildFile; fileRef = BC05734E1C3273820017D802 /* TextDemoTests.m */; };
		BC05735A1C3273820017D802 /* TextDemoUITests.m in Sources */ = {isa = PBXBuildFile; fileRef = BC0573591C3273820017D802 /* TextDemoUITests.m */; };
		BC0573681C3277520017D802 /* Mole01.png in Resources */ = {isa = PBXBuildFile; fileRef = BC0573671C3277520017D802 /* Mole01.png */; };
/* End PBXBuildFile section */

/* Begin PBXContainerItemProxy section */
		BC05734B1C3273820017D802 /* PBXContainerItemProxy */ = {
			isa = PBXContainerItemProxy;
			containerPortal = BC0573291C3273820017D802 /* Project object */;
			proxyType = 1;
			remoteGlobalIDString = BC0573301C3273820017D802;
			remoteInfo = TextDemo;
		};
		BC0573561C3273820017D802 /* PBXContainerItemProxy */ = {
			isa = PBXContainerItemProxy;
			containerPortal = BC0573291C3273820017D802 /* Project object */;
			proxyType = 1;
			remoteGlobalIDString = BC0573301C3273820017D802;
			remoteInfo = TextDemo;
		};
/* End PBXContainerItemProxy section */

/* Begin PBXFileReference section */
		BC0573311C3273820017D802 /* TextDemo.app */ = {isa = PBXFileReference; explicitFileType = wrapper.application; includeInIndex = 0; path = TextDemo.app; sourceTree = BUILT_PRODUCTS_DIR; };
		BC0573351C3273820017D802 /* main.m */ = {isa = PBXFileReference; lastKnownFileType = sourcecode.c.objc; path = main.m; sourceTree = "<group>"; };
		BC0573371C3273820017D802 /* AppDelegate.h */ = {isa = PBXFileReference; lastKnownFileType = sourcecode.c.h; path = AppDelegate.h; sourceTree = "<group>"; };
		BC0573381C3273820017D802 /* AppDelegate.m */ = {isa = PBXFileReference; lastKnownFileType = sourcecode.c.objc; path = AppDelegate.m; sourceTree = "<group>"; };
		BC05733A1C3273820017D802 /* ViewController.h */ = {isa = PBXFileReference; lastKnownFileType = sourcecode.c.h; path = ViewController.h; sourceTree = "<group>"; };
		BC05733B1C3273820017D802 /* ViewController.m */ = {isa = PBXFileReference; lastKnownFileType = sourcecode.c.objc; path = ViewController.m; sourceTree = "<group>"; };
		BC05733E1C3273820017D802 /* Base */ = {isa = PBXFileReference; lastKnownFileType = file.storyboard; name = Base; path = Base.lproj/Main.storyboard; sourceTree = "<group>"; };
		BC0573401C3273820017D802 /* Assets.xcassets */ = {isa = PBXFileReference; lastKnownFileType = folder.assetcatalog; path = Assets.xcassets; sourceTree = "<group>"; };
		BC0573431C3273820017D802 /* Base */ = {isa = PBXFileReference; lastKnownFileType = file.storyboard; name = Base; path = Base.lproj/LaunchScreen.storyboard; sourceTree = "<group>"; };
		BC0573451C3273820017D802 /* Info.plist */ = {isa = PBXFileReference; lastKnownFileType = text.plist.xml; path = Info.plist; sourceTree = "<group>"; };
		BC05734A1C3273820017D802 /* TextDemoTests.xctest */ = {isa = PBXFileReference; explicitFileType = wrapper.cfbundle; includeInIndex = 0; path = TextDemoTests.xctest; sourceTree = BUILT_PRODUCTS_DIR; };
		BC05734E1C3273820017D802 /* TextDemoTests.m */ = {isa = PBXFileReference; lastKnownFileType = sourcecode.c.objc; path = TextDemoTests.m; sourceTree = "<group>"; };
		BC0573501C3273820017D802 /* Info.plist */ = {isa = PBXFileReference; lastKnownFileType = text.plist.xml; path = Info.plist; sourceTree = "<group>"; };
		BC0573551C3273820017D802 /* TextDemoUITests.xctest */ = {isa = PBXFileReference; explicitFileType = wrapper.cfbundle; includeInIndex = 0; path = TextDemoUITests.xctest; sourceTree = BUILT_PRODUCTS_DIR; };
		BC0573591C3273820017D802 /* TextDemoUITests.m */ = {isa = PBXFileReference; lastKnownFileType = sourcecode.c.objc; path = TextDemoUITests.m; sourceTree = "<group>"; };
		BC05735B1C3273820017D802 /* Info.plist */ = {isa = PBXFileReference; lastKnownFileType = text.plist.xml; path = Info.plist; sourceTree = "<group>"; };
		BC0573671C3277520017D802 /* Mole01.png */ = {isa = PBXFileReference; lastKnownFileType = image.png; path = Mole01.png; sourceTree = "<group>"; };
/* End PBXFileReference section */

/* Begin PBXFrameworksBuildPhase section */
		BC05732E1C3273820017D802 /* Frameworks */ = {
			isa = PBXFrameworksBuildPhase;
			buildActionMask = 2147483647;
			files = (
			);
			runOnlyForDeploymentPostprocessing = 0;
		};
		BC0573471C3273820017D802 /* Frameworks */ = {
			isa = PBXFrameworksBuildPhase;
			buildActionMask = 2147483647;
			files = (
			);
			runOnlyForDeploymentPostprocessing = 0;
		};
		BC0573521C3273820017D802 /* Frameworks */ = {
			isa = PBXFrameworksBuildPhase;
			buildActionMask = 2147483647;
			files = (
			);
			runOnlyForDeploymentPostprocessing = 0;
		};
/* End PBXFrameworksBuildPhase section */

/* Begin PBXGroup section */
		BC0573281C3273810017D802 = {
			isa = PBXGroup;
			children = (
				BC0573331C3273820017D802 /* TextDemo */,
				BC05734D1C3273820017D802 /* TextDemoTests */,
				BC0573581C3273820017D802 /* TextDemoUITests */,
				BC0573321C3273820017D802 /* Products */,
			);
			sourceTree = "<group>";
		};
		BC0573321C3273820017D802 /* Products */ = {
			isa = PBXGroup;
			children = (
				BC0573311C3273820017D802 /* TextDemo.app */,
				BC05734A1C3273820017D802 /* TextDemoTests.xctest */,
				BC0573551C3273820017D802 /* TextDemoUITests.xctest */,
			);
			name = Products;
			sourceTree = "<group>";
		};
		BC0573331C3273820017D802 /* TextDemo */ = {
			isa = PBXGroup;
			children = (
				BC0573371C3273820017D802 /* AppDelegate.h */,
				BC0573381C3273820017D802 /* AppDelegate.m */,
				BC05733A1C3273820017D802 /* ViewController.h */,
				BC05733B1C3273820017D802 /* ViewController.m */,
				BC0573671C3277520017D802 /* Mole01.png */,
				BC05733D1C3273820017D802 /* Main.storyboard */,
				BC0573401C3273820017D802 /* Assets.xcassets */,
				BC0573421C3273820017D802 /* LaunchScreen.storyboard */,
				BC0573451C3273820017D802 /* Info.plist */,
				BC0573341C3273820017D802 /* Supporting Files */,
			);
			path = TextDemo;
			sourceTree = "<group>";
		};
		BC0573341C3273820017D802 /* Supporting Files */ = {
			isa = PBXGroup;
			children = (
				BC0573351C3273820017D802 /* main.m */,
			);
			name = "Supporting Files";
			sourceTree = "<group>";
		};
		BC05734D1C3273820017D802 /* TextDemoTests */ = {
			isa = PBXGroup;
			children = (
				BC05734E1C3273820017D802 /* TextDemoTests.m */,
				BC0573501C3273820017D802 /* Info.plist */,
			);
			path = TextDemoTests;
			sourceTree = "<group>";
		};
		BC0573581C3273820017D802 /* TextDemoUITests */ = {
			isa = PBXGroup;
			children = (
				BC0573591C3273820017D802 /* TextDemoUITests.m */,
				BC05735B1C3273820017D802 /* Info.plist */,
			);
			path = TextDemoUITests;
			sourceTree = "<group>";
		};
/* End PBXGroup section */

/* Begin PBXNativeTarget section */
		BC0573301C3273820017D802 /* TextDemo */ = {
			isa = PBXNativeTarget;
			buildConfigurationList = BC05735E1C3273820017D802 /* Build configuration list for PBXNativeTarget "TextDemo" */;
			buildPhases = (
				BC05732D1C3273820017D802 /* Sources */,
				BC05732E1C3273820017D802 /* Frameworks */,
				BC05732F1C3273820017D802 /* Resources */,
			);
			buildRules = (
			);
			dependencies = (
			);
			name = TextDemo;
			productName = TextDemo;
			productReference = BC0573311C3273820017D802 /* TextDemo.app */;
			productType = "com.apple.product-type.application";
		};
		BC0573491C3273820017D802 /* TextDemoTests */ = {
			isa = PBXNativeTarget;
			buildConfigurationList = BC0573611C3273820017D802 /* Build configuration list for PBXNativeTarget "TextDemoTests" */;
			buildPhases = (
				BC0573461C3273820017D802 /* Sources */,
				BC0573471C3273820017D802 /* Frameworks */,
				BC0573481C3273820017D802 /* Resources */,
			);
			buildRules = (
			);
			dependencies = (
				BC05734C1C3273820017D802 /* PBXTargetDependency */,
			);
			name = TextDemoTests;
			productName = TextDemoTests;
			productReference = BC05734A1C3273820017D802 /* TextDemoTests.xctest */;
			productType = "com.apple.product-type.bundle.unit-test";
		};
		BC0573541C3273820017D802 /* TextDemoUITests */ = {
			isa = PBXNativeTarget;
			buildConfigurationList = BC0573641C3273820017D802 /* Build configuration list for PBXNativeTarget "TextDemoUITests" */;
			buildPhases = (
				BC0573511C3273820017D802 /* Sources */,
				BC0573521C3273820017D802 /* Frameworks */,
				BC0573531C3273820017D802 /* Resources */,
			);
			buildRules = (
			);
			dependencies = (
				BC0573571C3273820017D802 /* PBXTargetDependency */,
			);
			name = TextDemoUITests;
			productName = TextDemoUITests;
			productReference = BC0573551C3273820017D802 /* TextDemoUITests.xctest */;
			productType = "com.apple.product-type.bundle.ui-testing";
		};
/* End PBXNativeTarget section */

/* Begin PBXProject section */
		BC0573291C3273820017D802 /* Project object */ = {
			isa = PBXProject;
			attributes = {
				LastUpgradeCheck = 0710;
				ORGANIZATIONNAME = "高歌";
				TargetAttributes = {
					BC0573301C3273820017D802 = {
						CreatedOnToolsVersion = 7.1;
					};
					BC0573491C3273820017D802 = {
						CreatedOnToolsVersion = 7.1;
						TestTargetID = BC0573301C3273820017D802;
					};
					BC0573541C3273820017D802 = {
						CreatedOnToolsVersion = 7.1;
						TestTargetID = BC0573301C3273820017D802;
					};
				};
			};
			buildConfigurationList = BC05732C1C3273820017D802 /* Build configuration list for PBXProject "TextDemo" */;
			compatibilityVersion = "Xcode 3.2";
			developmentRegion = English;
			hasScannedForEncodings = 0;
			knownRegions = (
				en,
				Base,
			);
			mainGroup = BC0573281C3273810017D802;
			productRefGroup = BC0573321C3273820017D802 /* Products */;
			projectDirPath = "";
			projectRoot = "";
			targets = (
				BC0573301C3273820017D802 /* TextDemo */,
				BC0573491C3273820017D802 /* TextDemoTests */,
				BC0573541C3273820017D802 /* TextDemoUITests */,
			);
		};
/* End PBXProject section */

/* Begin PBXResourcesBuildPhase section */
		BC05732F1C3273820017D802 /* Resources */ = {
			isa = PBXResourcesBuildPhase;
			buildActionMask = 2147483647;
			files = (
				BC0573441C3273820017D802 /* LaunchScreen.storyboard in Resources */,
				BC0573411C3273820017D802 /* Assets.xcassets in Resources */,
				BC05733F1C3273820017D802 /* Main.storyboard in Resources */,
				BC0573681C3277520017D802 /* Mole01.png in Resources */,
			);
			runOnlyForDeploymentPostprocessing = 0;
		};
		BC0573481C3273820017D802 /* Resources */ = {
			isa = PBXResourcesBuildPhase;
			buildActionMask = 2147483647;
			files = (
			);
			runOnlyForDeploymentPostprocessing = 0;
		};
		BC0573531C3273820017D802 /* Resources */ = {
			isa = PBXResourcesBuildPhase;
			buildActionMask = 2147483647;
			files = (
			);
			runOnlyForDeploymentPostprocessing = 0;
		};
/* End PBXResourcesBuildPhase section */

/* Begin PBXSourcesBuildPhase section */
		BC05732D1C3273820017D802 /* Sources */ = {
			isa = PBXSourcesBuildPhase;
			buildActionMask = 2147483647;
			files = (
				BC05733C1C3273820017D802 /* ViewController.m in Sources */,
				BC0573391C3273820017D802 /* AppDelegate.m in Sources */,
				BC0573361C3273820017D802 /* main.m in Sources */,
			);
			runOnlyForDeploymentPostprocessing = 0;
		};
		BC0573461C3273820017D802 /* Sources */ = {
			isa = PBXSourcesBuildPhase;
			buildActionMask = 2147483647;
			files = (
				BC05734F1C3273820017D802 /* TextDemoTests.m in Sources */,
			);
			runOnlyForDeploymentPostprocessing = 0;
		};
		BC0573511C3273820017D802 /* Sources */ = {
			isa = PBXSourcesBuildPhase;
			buildActionMask = 2147483647;
			files = (
				BC05735A1C3273820017D802 /* TextDemoUITests.m in Sources */,
			);
			runOnlyForDeploymentPostprocessing = 0;
		};
/* End PBXSourcesBuildPhase section */

/* Begin PBXTargetDependency section */
		BC05734C1C3273820017D802 /* PBXTargetDependency */ = {
			isa = PBXTargetDependency;
			target = BC0573301C3273820017D802 /* TextDemo */;
			targetProxy = BC05734B1C3273820017D802 /* PBXContainerItemProxy */;
		};
		BC0573571C3273820017D802 /* PBXTargetDependency */ = {
			isa = PBXTargetDependency;
			target = BC0573301C3273820017D802 /* TextDemo */;
			targetProxy = BC0573561C3273820017D802 /* PBXContainerItemProxy */;
		};
/* End PBXTargetDependency section */

/* Begin PBXVariantGroup section */
		BC05733D1C3273820017D802 /* Main.storyboard */ = {
			isa = PBXVariantGroup;
			children = (
				BC05733E1C3273820017D802 /* Base */,
			);
			name = Main.storyboard;
			sourceTree = "<group>";
		};
		BC0573421C3273820017D802 /* LaunchScreen.storyboard */ = {
			isa = PBXVariantGroup;
			children = (
				BC0573431C3273820017D802 /* Base */,
			);
			name = LaunchScreen.storyboard;
			sourceTree = "<group>";
		};
/* End PBXVariantGroup section */

/* Begin XCBuildConfiguration section */
		BC05735C1C3273820017D802 /* Debug */ = {
			isa = XCBuildConfiguration;
			buildSettings = {
				ALWAYS_SEARCH_USER_PATHS = NO;
				CLANG_CXX_LANGUAGE_STANDARD = "gnu++0x";
				CLANG_CXX_LIBRARY = "libc++";
				CLANG_ENABLE_MODULES = YES;
				CLANG_ENABLE_OBJC_ARC = YES;
				CLANG_WARN_BOOL_CONVERSION = YES;
				CLANG_WARN_CONSTANT_CONVERSION = YES;
				CLANG_WARN_DIRECT_OBJC_ISA_USAGE = YES_ERROR;
				CLANG_WARN_EMPTY_BODY = YES;
				CLANG_WARN_ENUM_CONVERSION = YES;
				CLANG_WARN_INT_CONVERSION = YES;
				CLANG_WARN_OBJC_ROOT_CLASS = YES_ERROR;
				CLANG_WARN_UNREACHABLE_CODE = YES;
				CLANG_WARN__DUPLICATE_METHOD_MATCH = YES;
				"CODE_SIGN_IDENTITY[sdk=iphoneos*]" = "iPhone Developer";
				COPY_PHASE_STRIP = NO;
				DEBUG_INFORMATION_FORMAT = dwarf;
				ENABLE_STRICT_OBJC_MSGSEND = YES;
				ENABLE_TESTABILITY = YES;
				GCC_C_LANGUAGE_STANDARD = gnu99;
				GCC_DYNAMIC_NO_PIC = NO;
				GCC_NO_COMMON_BLOCKS = YES;
				GCC_OPTIMIZATION_LEVEL = 0;
				GCC_PREPROCESSOR_DEFINITIONS = (
					"DEBUG=1",
					"$(inherited)",
				);
				GCC_WARN_64_TO_32_BIT_CONVERSION = YES;
				GCC_WARN_ABOUT_RETURN_TYPE = YES_ERROR;
				GCC_WARN_UNDECLARED_SELECTOR = YES;
				GCC_WARN_UNINITIALIZED_AUTOS = YES_AGGRESSIVE;
				GCC_WARN_UNUSED_FUNCTION = YES;
				GCC_WARN_UNUSED_VARIABLE = YES;
				IPHONEOS_DEPLOYMENT_TARGET = 9.1;
				MTL_ENABLE_DEBUG_INFO = YES;
				ONLY_ACTIVE_ARCH = YES;
				SDKROOT = iphoneos;
				TARGETED_DEVICE_FAMILY = "1,2";
			};
			name = Debug;
		};
		BC05735D1C3273820017D802 /* Release */ = {
			isa = XCBuildConfiguration;
			buildSettings = {
				ALWAYS_SEARCH_USER_PATHS = NO;
				CLANG_CXX_LANGUAGE_STANDARD = "gnu++0x";
				CLANG_CXX_LIBRARY = "libc++";
				CLANG_ENABLE_MODULES = YES;
				CLANG_ENABLE_OBJC_ARC = YES;
				CLANG_WARN_BOOL_CONVERSION = YES;
				CLANG_WARN_CONSTANT_CONVERSION = YES;
				CLANG_WARN_DIRECT_OBJC_ISA_USAGE = YES_ERROR;
				CLANG_WARN_EMPTY_BODY = YES;
				CLANG_WARN_ENUM_CONVERSION = YES;
				CLANG_WARN_INT_CONVERSION = YES;
				CLANG_WARN_OBJC_ROOT_CLASS = YES_ERROR;
				CLANG_WARN_UNREACHABLE_CODE = YES;
				CLANG_WARN__DUPLICATE_METHOD_MATCH = YES;
				"CODE_SIGN_IDENTITY[sdk=iphoneos*]" = "iPhone Developer";
				COPY_PHASE_STRIP = NO;
				DEBUG_INFORMATION_FORMAT = "dwarf-with-dsym";
				ENABLE_NS_ASSERTIONS = NO;
				ENABLE_STRICT_OBJC_MSGSEND = YES;
				GCC_C_LANGUAGE_STANDARD = gnu99;
				GCC_NO_COMMON_BLOCKS = YES;
				GCC_WARN_64_TO_32_BIT_CONVERSION = YES;
				GCC_WARN_ABOUT_RETURN_TYPE = YES_ERROR;
				GCC_WARN_UNDECLARED_SELECTOR = YES;
				GCC_WARN_UNINITIALIZED_AUTOS = YES_AGGRESSIVE;
				GCC_WARN_UNUSED_FUNCTION = YES;
				GCC_WARN_UNUSED_VARIABLE = YES;
				IPHONEOS_DEPLOYMENT_TARGET = 9.1;
				MTL_ENABLE_DEBUG_INFO = NO;
				SDKROOT = iphoneos;
				TARGETED_DEVICE_FAMILY = "1,2";
				VALIDATE_PRODUCT = YES;
			};
			name = Release;
		};
		BC05735F1C3273820017D802 /* Debug */ = {
			isa = XCBuildConfiguration;
			buildSettings = {
				ASSETCATALOG_COMPILER_APPICON_NAME = AppIcon;
				INFOPLIST_FILE = TextDemo/Info.plist;
				LD_RUNPATH_SEARCH_PATHS = "$(inherited) @executable_path/Frameworks";
				PRODUCT_BUNDLE_IDENTIFIER = com.1517.TextDemo;
				PRODUCT_NAME = "$(TARGET_NAME)";
			};
			name = Debug;
		};
		BC0573601C3273820017D802 /* Release */ = {
			isa = XCBuildConfiguration;
			buildSettings = {
				ASSETCATALOG_COMPILER_APPICON_NAME = AppIcon;
				INFOPLIST_FILE = TextDemo/Info.plist;
				LD_RUNPATH_SEARCH_PATHS = "$(inherited) @executable_path/Frameworks";
				PRODUCT_BUNDLE_IDENTIFIER = com.1517.TextDemo;
				PRODUCT_NAME = "$(TARGET_NAME)";
			};
			name = Release;
		};
		BC0573621C3273820017D802 /* Debug */ = {
			isa = XCBuildConfiguration;
			buildSettings = {
				BUNDLE_LOADER = "$(TEST_HOST)";
				INFOPLIST_FILE = TextDemoTests/Info.plist;
				LD_RUNPATH_SEARCH_PATHS = "$(inherited) @executable_path/Frameworks @loader_path/Frameworks";
				PRODUCT_BUNDLE_IDENTIFIER = com.1517.TextDemoTests;
				PRODUCT_NAME = "$(TARGET_NAME)";
				TEST_HOST = "$(BUILT_PRODUCTS_DIR)/TextDemo.app/TextDemo";
			};
			name = Debug;
		};
		BC0573631C3273820017D802 /* Release */ = {
			isa = XCBuildConfiguration;
			buildSettings = {
				BUNDLE_LOADER = "$(TEST_HOST)";
				INFOPLIST_FILE = TextDemoTests/Info.plist;
				LD_RUNPATH_SEARCH_PATHS = "$(inherited) @executable_path/Frameworks @loader_path/Frameworks";
				PRODUCT_BUNDLE_IDENTIFIER = com.1517.TextDemoTests;
				PRODUCT_NAME = "$(TARGET_NAME)";
				TEST_HOST = "$(BUILT_PRODUCTS_DIR)/TextDemo.app/TextDemo";
			};
			name = Release;
		};
		BC0573651C3273820017D802 /* Debug */ = {
			isa = XCBuildConfiguration;
			buildSettings = {
				INFOPLIST_FILE = TextDemoUITests/Info.plist;
				LD_RUNPATH_SEARCH_PATHS = "$(inherited) @executable_path/Frameworks @loader_path/Frameworks";
				PRODUCT_BUNDLE_IDENTIFIER = com.1517.TextDemoUITests;
				PRODUCT_NAME = "$(TARGET_NAME)";
				TEST_TARGET_NAME = TextDemo;
				USES_XCTRUNNER = YES;
			};
			name = Debug;
		};
		BC0573661C3273820017D802 /* Release */ = {
			isa = XCBuildConfiguration;
			buildSettings = {
				INFOPLIST_FILE = TextDemoUITests/Info.plist;
				LD_RUNPATH_SEARCH_PATHS = "$(inherited) @executable_path/Frameworks @loader_path/Frameworks";
				PRODUCT_BUNDLE_IDENTIFIER = com.1517.TextDemoUITests;
				PRODUCT_NAME = "$(TARGET_NAME)";
				TEST_TARGET_NAME = TextDemo;
				USES_XCTRUNNER = YES;
			};
			name = Release;
		};
/* End XCBuildConfiguration section */

/* Begin XCConfigurationList section */
		BC05732C1C3273820017D802 /* Build configuration list for PBXProject "TextDemo" */ = {
			isa = XCConfigurationList;
			buildConfigurations = (
				BC05735C1C3273820017D802 /* Debug */,
				BC05735D1C3273820017D802 /* Release */,
			);
			defaultConfigurationIsVisible = 0;
			defaultConfigurationName = Release;
		};
		BC05735E1C3273820017D802 /* Build configuration list for PBXNativeTarget "TextDemo" */ = {
			isa = XCConfigurationList;
			buildConfigurations = (
				BC05735F1C3273820017D802 /* Debug */,
				BC0573601C3273820017D802 /* Release */,
			);
			defaultConfigurationIsVisible = 0;
		};
		BC0573611C3273820017D802 /* Build configuration list for PBXNativeTarget "TextDemoTests" */ = {
			isa = XCConfigurationList;
			buildConfigurations = (
				BC0573621C3273820017D802 /* Debug */,
				BC0573631C3273820017D802 /* Release */,
			);
			defaultConfigurationIsVisible = 0;
		};
		BC0573641C3273820017D802 /* Build configuration list for PBXNativeTarget "TextDemoUITests" */ = {
			isa = XCConfigurationList;
			buildConfigurations = (
				BC0573651C3273820017D802 /* Debug */,
				BC0573661C3273820017D802 /* Release */,
			);
			defaultConfigurationIsVisible = 0;
		};
/* End XCConfigurationList section */
	};
	rootObject = BC0573291C3273820017D802 /* Project object */;
}
